
Microsoft Visual Studio Solution File, Format Version 12.00
# Visual Studio Version 17
VisualStudioVersion = 17.5.002.0
MinimumVisualStudioVersion = 10.0.40219.1
Project("{9A19103F-16F7-4668-BE54-9A1E7A4F7556}") = "Exercice02", "Exercice02.csproj", "{CD02D4AA-24A2-443F-AA93-11F701B26880}"
EndProject
Global
	GlobalSection(SolutionConfigurationPlatforms) = preSolution
		Debug|Any CPU = Debug|Any CPU
		Release|Any CPU = Release|Any CPU
	EndGlobalSection
	GlobalSection(ProjectConfigurationPlatforms) = postSolution
		{CD02D4AA-24A2-443F-AA93-11F701B26880}.Debug|Any CPU.ActiveCfg = Debug|Any CPU
		{CD02D4AA-24A2-443F-AA93-11F701B26880}.Debug|Any CPU.Build.0 = Debug|Any CPU
		{CD02D4AA-24A2-443F-AA93-11F701B26880}.Release|Any CPU.ActiveCfg = Release|Any CPU
		{CD02D4AA-24A2-443F-AA93-11F701B26880}.Release|Any CPU.Build.0 = Release|Any CPU
	EndGlobalSection
	GlobalSection(SolutionProperties) = preSolution
		HideSolutionNode = FALSE
	EndGlobalSection
	GlobalSection(ExtensibilityGlobals) = postSolution
		SolutionGuid = {EF2ABA50-2663-44DE-BED8-B12FAACF0EF1}
	EndGlobalSection
EndGlobal
